
Microsoft Visual Studio Solution File, Format Version 12.00
# Visual Studio Version 17
VisualStudioVersion = 17.3.32922.545
MinimumVisualStudioVersion = 10.0.40219.1
Project("{9A19103F-16F7-4668-BE54-9A1E7A4F7556}") = "qest", "qest\qest.csproj", "{79EF488B-B5FE-4DEE-807E-51CA359318C9}"
EndProject
Global
	GlobalSection(SolutionConfigurationPlatforms) = preSolution
		Debug|Any CPU = Debug|Any CPU
		Release|Any CPU = Release|Any CPU
	EndGlobalSection
	GlobalSection(ProjectConfigurationPlatforms) = postSolution
		{79EF488B-B5FE-4DEE-807E-51CA359318C9}.Debug|Any CPU.ActiveCfg = Debug|Any CPU
		{79EF488B-B5FE-4DEE-807E-51CA359318C9}.Debug|Any CPU.Build.0 = Debug|Any CPU
		{79EF488B-B5FE-4DEE-807E-51CA359318C9}.Release|Any CPU.ActiveCfg = Release|Any CPU
		{79EF488B-B5FE-4DEE-807E-51CA359318C9}.Release|Any CPU.Build.0 = Release|Any CPU
	EndGlobalSection
	GlobalSection(SolutionProperties) = preSolution
		HideSolutionNode = FALSE
	EndGlobalSection
	GlobalSection(ExtensibilityGlobals) = postSolution
		SolutionGuid = {012C640D-552E-4C1F-9A71-B754DB10D79C}
	EndGlobalSection
EndGlobal
